
Microsoft Visual Studio Solution File, Format Version 11.00
# Visual Studio 2010
Project("{FAE04EC0-301F-11D3-BF4B-00C04F79EFBC}") = "Subspace.TextTemplating", "src\Subspace.TextTemplating\Subspace.TextTemplating.csproj", "{3C7D0542-85BB-4201-AB79-B54DD0FBB1C5}"
EndProject
Project("{FAE04EC0-301F-11D3-BF4B-00C04F79EFBC}") = "Subspace.TextTemplating.Tests", "tests\Subspace.TextTemplating.Tests\Subspace.TextTemplating.Tests.csproj", "{6A706574-AC7F-4068-821D-F10267BFAE1E}"
EndProject
Global
	GlobalSection(SolutionConfigurationPlatforms) = preSolution
		Debug|Any CPU = Debug|Any CPU
		Release|Any CPU = Release|Any CPU
	EndGlobalSection
	GlobalSection(ProjectConfigurationPlatforms) = postSolution
		{3C7D0542-85BB-4201-AB79-B54DD0FBB1C5}.Debug|Any CPU.ActiveCfg = Debug|Any CPU
		{3C7D0542-85BB-4201-AB79-B54DD0FBB1C5}.Debug|Any CPU.Build.0 = Debug|Any CPU
		{3C7D0542-85BB-4201-AB79-B54DD0FBB1C5}.Release|Any CPU.ActiveCfg = Release|Any CPU
		{3C7D0542-85BB-4201-AB79-B54DD0FBB1C5}.Release|Any CPU.Build.0 = Release|Any CPU
		{6A706574-AC7F-4068-821D-F10267BFAE1E}.Debug|Any CPU.ActiveCfg = Debug|Any CPU
		{6A706574-AC7F-4068-821D-F10267BFAE1E}.Debug|Any CPU.Build.0 = Debug|Any CPU
		{6A706574-AC7F-4068-821D-F10267BFAE1E}.Release|Any CPU.ActiveCfg = Release|Any CPU
		{6A706574-AC7F-4068-821D-F10267BFAE1E}.Release|Any CPU.Build.0 = Release|Any CPU
	EndGlobalSection
	GlobalSection(SolutionProperties) = preSolution
		HideSolutionNode = FALSE
	EndGlobalSection
EndGlobal
